// !$*UTF8*$!
{
	archiveVersion = 1;
	classes = {
	};
	objectVersion = 60;
	objects = {

/* Begin PBXBuildFile section */
		080272E52C9A20950040A673 /* EventCell.swift in Sources */ = {isa = PBXBuildFile; fileRef = 080272E42C9A208B0040A673 /* EventCell.swift */; };
		080272EA2C9A39620040A673 /* EdgeInsets.swift in Sources */ = {isa = PBXBuildFile; fileRef = 080272E92C9A39600040A673 /* EdgeInsets.swift */; };
		080272EC2C9A39810040A673 /* EdgeInsetsTests.swift in Sources */ = {isa = PBXBuildFile; fileRef = 080272EB2C9A39770040A673 /* EdgeInsetsTests.swift */; };
		08033E122CD41E6D00380D54 /* FilterRequestTests.swift in Sources */ = {isa = PBXBuildFile; fileRef = 08033E112CD41E6A00380D54 /* FilterRequestTests.swift */; };
		0803723C2C98B7A2002DC9A2 /* FringePlannerApp.swift in Sources */ = {isa = PBXBuildFile; fileRef = 0803723B2C98B7A2002DC9A2 /* FringePlannerApp.swift */; };
		0803723E2C98B7A2002DC9A2 /* MainScreen.swift in Sources */ = {isa = PBXBuildFile; fileRef = 0803723D2C98B7A2002DC9A2 /* MainScreen.swift */; };
		080372402C98B7A3002DC9A2 /* Assets.xcassets in Resources */ = {isa = PBXBuildFile; fileRef = 0803723F2C98B7A3002DC9A2 /* Assets.xcassets */; };
		080372432C98B7A3002DC9A2 /* Preview Assets.xcassets in Resources */ = {isa = PBXBuildFile; fileRef = 080372422C98B7A3002DC9A2 /* Preview Assets.xcassets */; };
		0803724D2C98B7A3002DC9A2 /* ExampleTest.swift in Sources */ = {isa = PBXBuildFile; fileRef = 0803724C2C98B7A3002DC9A2 /* ExampleTest.swift */; };
		080372572C98B7A3002DC9A2 /* FringePlannerUITests.swift in Sources */ = {isa = PBXBuildFile; fileRef = 080372562C98B7A3002DC9A2 /* FringePlannerUITests.swift */; };
		080372592C98B7A3002DC9A2 /* FringePlannerUITestsLaunchTests.swift in Sources */ = {isa = PBXBuildFile; fileRef = 080372582C98B7A3002DC9A2 /* FringePlannerUITestsLaunchTests.swift */; };
		081826A82CBF1445002293FD /* ForEachData.swift in Sources */ = {isa = PBXBuildFile; fileRef = 081826A72CBF1443002293FD /* ForEachData.swift */; };
		0819F73B2CD2C27C009B9D3E /* HMACGenerator.swift in Sources */ = {isa = PBXBuildFile; fileRef = 0819F73A2CD2C279009B9D3E /* HMACGenerator.swift */; };
		0819F73D2CD2C4E1009B9D3E /* HMACGeneratorTests.swift in Sources */ = {isa = PBXBuildFile; fileRef = 0819F73C2CD2C4DD009B9D3E /* HMACGeneratorTests.swift */; };
		0820A5732CB308BE006DDEE7 /* EventPerformanceCell.swift in Sources */ = {isa = PBXBuildFile; fileRef = 080272E62C9A2EAB0040A673 /* EventPerformanceCell.swift */; };
		0820A5762CB30F7B006DDEE7 /* MakeEquatable.swift in Sources */ = {isa = PBXBuildFile; fileRef = 0820A5752CB30F77006DDEE7 /* MakeEquatable.swift */; };
		0820A57D2CB31795006DDEE7 /* ViewDataProtocol.swift in Sources */ = {isa = PBXBuildFile; fileRef = 0820A57C2CB31794006DDEE7 /* ViewDataProtocol.swift */; };
		0820A5802CB318FD006DDEE7 /* FringeDataResultBuilder.swift in Sources */ = {isa = PBXBuildFile; fileRef = 0820A57F2CB318F5006DDEE7 /* FringeDataResultBuilder.swift */; };
		082DFF282D03839E00F5CBB7 /* ViewDataIsEmptyTests.swift in Sources */ = {isa = PBXBuildFile; fileRef = 082DFF272D03839A00F5CBB7 /* ViewDataIsEmptyTests.swift */; };
		082DFF2A2D06573B00F5CBB7 /* AttributedString.swift in Sources */ = {isa = PBXBuildFile; fileRef = 082DFF292D06573900F5CBB7 /* AttributedString.swift */; };
		0834BB082C9F60A100BF8A5A /* Text.swift in Sources */ = {isa = PBXBuildFile; fileRef = 0834BB072C9F609F00BF8A5A /* Text.swift */; };
		0835BCC92CCE42790031A860 /* Expectation.swift in Sources */ = {isa = PBXBuildFile; fileRef = 0835BCC82CCE42770031A860 /* Expectation.swift */; };
		0843C2322CE7DD390076FF11 /* FBPerformance.swift in Sources */ = {isa = PBXBuildFile; fileRef = 0843C2312CE7DD360076FF11 /* FBPerformance.swift */; };
		0843C2342CE7EA8C0076FF11 /* ApplicationEnvironment.swift in Sources */ = {isa = PBXBuildFile; fileRef = 0843C2332CE7EA890076FF11 /* ApplicationEnvironment.swift */; };
		0843C2362CE7EC430076FF11 /* fringeAssert.swift in Sources */ = {isa = PBXBuildFile; fileRef = 0843C2352CE7EC400076FF11 /* fringeAssert.swift */; };
		086159012CD69B7E0076255B /* String.swift in Sources */ = {isa = PBXBuildFile; fileRef = 086159002CD69B7B0076255B /* String.swift */; };
		086159042CD69BEE0076255B /* StringTests.swift in Sources */ = {isa = PBXBuildFile; fileRef = 086159032CD69BEA0076255B /* StringTests.swift */; };
		0862400C2CCEBD9E004DDC3C /* ApiKey.swift in Sources */ = {isa = PBXBuildFile; fileRef = 0862400B2CCEBD96004DDC3C /* ApiKey.swift */; };
		086240122CCEC030004DDC3C /* ApiKeyTests.swift in Sources */ = {isa = PBXBuildFile; fileRef = 086240112CCEC02A004DDC3C /* ApiKeyTests.swift */; };
		08666C1F2CC56D3A0075C50E /* XCTestCase.swift in Sources */ = {isa = PBXBuildFile; fileRef = 08666C1E2CC56D370075C50E /* XCTestCase.swift */; };
		08666C212CC56D730075C50E /* TestUIElement.swift in Sources */ = {isa = PBXBuildFile; fileRef = 08666C202CC56D710075C50E /* TestUIElement.swift */; };
		086D086C2CE5276C000B6225 /* FBStatus.swift in Sources */ = {isa = PBXBuildFile; fileRef = 086D086B2CE5276B000B6225 /* FBStatus.swift */; };
		086D086E2CE52844000B6225 /* AnyCodingKey.swift in Sources */ = {isa = PBXBuildFile; fileRef = 086D086D2CE52842000B6225 /* AnyCodingKey.swift */; };
		086D08702CE52A28000B6225 /* FBPerformanceType.swift in Sources */ = {isa = PBXBuildFile; fileRef = 086D086F2CE52A26000B6225 /* FBPerformanceType.swift */; };
		086D08722CE52A64000B6225 /* FBPriceType.swift in Sources */ = {isa = PBXBuildFile; fileRef = 086D08712CE52A63000B6225 /* FBPriceType.swift */; };
		086D08762CE5302C000B6225 /* FBPerformanceSpace.swift in Sources */ = {isa = PBXBuildFile; fileRef = 086D08752CE5302B000B6225 /* FBPerformanceSpace.swift */; };
		086D08782CE53111000B6225 /* FBDisabled.swift in Sources */ = {isa = PBXBuildFile; fileRef = 086D08772CE5310F000B6225 /* FBDisabled.swift */; };
		086D087A2CE53296000B6225 /* FBVenue.swift in Sources */ = {isa = PBXBuildFile; fileRef = 086D08792CE53292000B6225 /* FBVenue.swift */; };
		086D087C2CE56A56000B6225 /* FBImage.swift in Sources */ = {isa = PBXBuildFile; fileRef = 086D087B2CE56A54000B6225 /* FBImage.swift */; };
		08754C2A2D18AB920022654F /* EventDetailsContentContainer+Structure+AccessibilityStructure.swift in Sources */ = {isa = PBXBuildFile; fileRef = 08754C292D18AB800022654F /* EventDetailsContentContainer+Structure+AccessibilityStructure.swift */; };
		087C59322CFFBE17008007F6 /* ViewDataIsEmpty.swift in Sources */ = {isa = PBXBuildFile; fileRef = 087C59312CFFBE15008007F6 /* ViewDataIsEmpty.swift */; };
		0892D96B2D1AE7E200145788 /* EventDetailsContentContainer+Structure+DetailsStructure.swift in Sources */ = {isa = PBXBuildFile; fileRef = 0892D96A2D1AE7DA00145788 /* EventDetailsContentContainer+Structure+DetailsStructure.swift */; };
		0892D96D2D1CA48300145788 /* ContainerData.swift in Sources */ = {isa = PBXBuildFile; fileRef = 0892D96C2D1CA48100145788 /* ContainerData.swift */; };
		0892D96F2D1DB86E00145788 /* ContainerData.swift in Sources */ = {isa = PBXBuildFile; fileRef = 0892D96E2D1DB86C00145788 /* ContainerData.swift */; };
		0892D9712D1ED3CB00145788 /* EventDetailsContentContainer+Structure+DescriptionStructure.swift in Sources */ = {isa = PBXBuildFile; fileRef = 0892D9702D1ED3C400145788 /* EventDetailsContentContainer+Structure+DescriptionStructure.swift */; };
		0892D9742D1F274600145788 /* AttributedStringTests.swift in Sources */ = {isa = PBXBuildFile; fileRef = 0892D9732D1F274000145788 /* AttributedStringTests.swift */; };
		08A94E4A2CEE8315008B84C6 /* SeededContent.swift in Sources */ = {isa = PBXBuildFile; fileRef = 08A94E492CEE8309008B84C6 /* SeededContent.swift */; };
		08AB2F872CF65C9D00D22B34 /* SearchEventContentContainer.swift in Sources */ = {isa = PBXBuildFile; fileRef = 08AB2F862CF65C9A00D22B34 /* SearchEventContentContainer.swift */; };
		08B1BF7E2CFBAC4F00925B8D /* Dictionary.swift in Sources */ = {isa = PBXBuildFile; fileRef = 08B1BF7D2CFBAC4C00925B8D /* Dictionary.swift */; };
		08B1BF802CFCEE7400925B8D /* EmptyData.swift in Sources */ = {isa = PBXBuildFile; fileRef = 08B1BF7F2CFCEE7300925B8D /* EmptyData.swift */; };
		08B1BF822CFCEEB600925B8D /* ConditionalData.swift in Sources */ = {isa = PBXBuildFile; fileRef = 08B1BF812CFCEEB400925B8D /* ConditionalData.swift */; };
		08BA674A2CE7F293000DDF37 /* FBEvent.swift in Sources */ = {isa = PBXBuildFile; fileRef = 08BA67492CE7F291000DDF37 /* FBEvent.swift */; };
		08BA674C2CE7F2F6000DDF37 /* Codable.swift in Sources */ = {isa = PBXBuildFile; fileRef = 08BA674B2CE7F2E9000DDF37 /* Codable.swift */; };
		08BA67522CE94733000DDF37 /* FBEventURLBuilder.swift in Sources */ = {isa = PBXBuildFile; fileRef = 08BA67512CE94730000DDF37 /* FBEventURLBuilder.swift */; };
		08BA67542CE94767000DDF37 /* FBEventDownloader.swift in Sources */ = {isa = PBXBuildFile; fileRef = 08BA67532CE9475F000DDF37 /* FBEventDownloader.swift */; };
		08BA67572CE953F3000DDF37 /* FBEventDownloaderTests.swift in Sources */ = {isa = PBXBuildFile; fileRef = 08BA67562CE953EF000DDF37 /* FBEventDownloaderTests.swift */; };
		08BA67592CEA3ADE000DDF37 /* Bundle.swift in Sources */ = {isa = PBXBuildFile; fileRef = 08BA67582CEA3ADD000DDF37 /* Bundle.swift */; };
		08BD27162CD983DA0029E5DF /* FBEventTests.swift in Sources */ = {isa = PBXBuildFile; fileRef = 08BD27152CD983D30029E5DF /* FBEventTests.swift */; };
		08BD27192CD986920029E5DF /* TestFiles.xcassets in Resources */ = {isa = PBXBuildFile; fileRef = 08BD27182CD984270029E5DF /* TestFiles.xcassets */; };
		08C92D692CCEACD9001732E9 /* ContentProtocol.swift in Sources */ = {isa = PBXBuildFile; fileRef = 08C92D682CCEACD4001732E9 /* ContentProtocol.swift */; };
		08CB2C142CD7C05A00B799FA /* General.swift in Sources */ = {isa = PBXBuildFile; fileRef = 08CB2C132CD7C05000B799FA /* General.swift */; };
		08CB2C162CD7C0D700B799FA /* GeneralTests.swift in Sources */ = {isa = PBXBuildFile; fileRef = 08CB2C152CD7C0D200B799FA /* GeneralTests.swift */; };
		08DA9BB32CEA6AE20080C0A5 /* FBEventURLBuilderTests.swift in Sources */ = {isa = PBXBuildFile; fileRef = 08DA9BB22CEA6AE00080C0A5 /* FBEventURLBuilderTests.swift */; };
		08DF47392CD6B42700405254 /* FilterRequest.swift in Sources */ = {isa = PBXBuildFile; fileRef = 08DF47382CD6B42500405254 /* FilterRequest.swift */; };
		08E1B3F82CCEA8EE00C7333A /* NSPredicate.swift in Sources */ = {isa = PBXBuildFile; fileRef = 08E1B3F72CCEA8E600C7333A /* NSPredicate.swift */; };
		08E1B3FB2CCEAAD800C7333A /* BaseTestCase.swift in Sources */ = {isa = PBXBuildFile; fileRef = 08E1B3FA2CCEAABF00C7333A /* BaseTestCase.swift */; };
		08E6AF312D17229B007F3F59 /* EventDetailsContentContainerTests.swift in Sources */ = {isa = PBXBuildFile; fileRef = 08E6AF302D172298007F3F59 /* EventDetailsContentContainerTests.swift */; };
		08E6AF342D17939D007F3F59 /* ViewDataProtocol.swift in Sources */ = {isa = PBXBuildFile; fileRef = 08E6AF332D17939B007F3F59 /* ViewDataProtocol.swift */; };
		08E6AF362D179458007F3F59 /* EventDetailsContentContainer.swift in Sources */ = {isa = PBXBuildFile; fileRef = 08E6AF352D179457007F3F59 /* EventDetailsContentContainer.swift */; };
		08E8C0412CB98BD500C270F6 /* UITestingContent.swift in Sources */ = {isa = PBXBuildFile; fileRef = 08E8C0402CB98BD000C270F6 /* UITestingContent.swift */; };
		08E8C0432CBC15A000C270F6 /* NavigationData.swift in Sources */ = {isa = PBXBuildFile; fileRef = 08E8C0422CBC159F00C270F6 /* NavigationData.swift */; };
		08EFD7FE2D0F06FF0090A051 /* LinkSectionView.swift in Sources */ = {isa = PBXBuildFile; fileRef = 08EFD7FD2D0F06FE0090A051 /* LinkSectionView.swift */; };
		08EFD8002D0F29700090A051 /* ButtonSectionView.swift in Sources */ = {isa = PBXBuildFile; fileRef = 08EFD7FF2D0F296E0090A051 /* ButtonSectionView.swift */; };
		08EFD8022D0F3D620090A051 /* TextSectionView.swift in Sources */ = {isa = PBXBuildFile; fileRef = 08EFD8012D0F3D610090A051 /* TextSectionView.swift */; };
		08EFD8042D0F47690090A051 /* SectionRowData.swift in Sources */ = {isa = PBXBuildFile; fileRef = 08EFD8032D0F47660090A051 /* SectionRowData.swift */; };
		08F10DAE2CB85D91008ACBFF /* ArchitectureProtocols.swift in Sources */ = {isa = PBXBuildFile; fileRef = 08F10DAD2CB85D7B008ACBFF /* ArchitectureProtocols.swift */; };
		08F10DB02CB85EC0008ACBFF /* BasicComponents.swift in Sources */ = {isa = PBXBuildFile; fileRef = 08F10DAF2CB85EB8008ACBFF /* BasicComponents.swift */; };
		08F10DB32CB85FC3008ACBFF /* DebugOnlyViewDatas.swift in Sources */ = {isa = PBXBuildFile; fileRef = 08F10DB22CB85FB9008ACBFF /* DebugOnlyViewDatas.swift */; };
		08F10DB52CB861F9008ACBFF /* ContentView.swift in Sources */ = {isa = PBXBuildFile; fileRef = 08F10DB42CB861F6008ACBFF /* ContentView.swift */; };
		08F10DB82CB862B8008ACBFF /* DemoContent.swift in Sources */ = {isa = PBXBuildFile; fileRef = 08F10DB72CB862B5008ACBFF /* DemoContent.swift */; };
		08F10DBA2CB92B97008ACBFF /* GroupData.swift in Sources */ = {isa = PBXBuildFile; fileRef = 08F10DB92CB92B95008ACBFF /* GroupData.swift */; };
/* End PBXBuildFile section */

/* Begin PBXContainerItemProxy section */
		080372492C98B7A3002DC9A2 /* PBXContainerItemProxy */ = {
			isa = PBXContainerItemProxy;
			containerPortal = 080372302C98B7A2002DC9A2 /* Project object */;
			proxyType = 1;
			remoteGlobalIDString = 080372372C98B7A2002DC9A2;
			remoteInfo = FringePlanner;
		};
		080372532C98B7A3002DC9A2 /* PBXContainerItemProxy */ = {
			isa = PBXContainerItemProxy;
			containerPortal = 080372302C98B7A2002DC9A2 /* Project object */;
			proxyType = 1;
			remoteGlobalIDString = 080372372C98B7A2002DC9A2;
			remoteInfo = FringePlanner;
		};
/* End PBXContainerItemProxy section */

/* Begin PBXFileReference section */
		080272E42C9A208B0040A673 /* EventCell.swift */ = {isa = PBXFileReference; lastKnownFileType = sourcecode.swift; path = EventCell.swift; sourceTree = "<group>"; };
		080272E62C9A2EAB0040A673 /* EventPerformanceCell.swift */ = {isa = PBXFileReference; lastKnownFileType = sourcecode.swift; path = EventPerformanceCell.swift; sourceTree = "<group>"; };
		080272E92C9A39600040A673 /* EdgeInsets.swift */ = {isa = PBXFileReference; lastKnownFileType = sourcecode.swift; path = EdgeInsets.swift; sourceTree = "<group>"; };
		080272EB2C9A39770040A673 /* EdgeInsetsTests.swift */ = {isa = PBXFileReference; lastKnownFileType = sourcecode.swift; path = EdgeInsetsTests.swift; sourceTree = "<group>"; };
		08033E112CD41E6A00380D54 /* FilterRequestTests.swift */ = {isa = PBXFileReference; lastKnownFileType = sourcecode.swift; path = FilterRequestTests.swift; sourceTree = "<group>"; };
		080372382C98B7A2002DC9A2 /* FringePlanner.app */ = {isa = PBXFileReference; explicitFileType = wrapper.application; includeInIndex = 0; path = FringePlanner.app; sourceTree = BUILT_PRODUCTS_DIR; };
		0803723B2C98B7A2002DC9A2 /* FringePlannerApp.swift */ = {isa = PBXFileReference; lastKnownFileType = sourcecode.swift; path = FringePlannerApp.swift; sourceTree = "<group>"; };
		0803723D2C98B7A2002DC9A2 /* MainScreen.swift */ = {isa = PBXFileReference; lastKnownFileType = sourcecode.swift; path = MainScreen.swift; sourceTree = "<group>"; };
		0803723F2C98B7A3002DC9A2 /* Assets.xcassets */ = {isa = PBXFileReference; lastKnownFileType = folder.assetcatalog; path = Assets.xcassets; sourceTree = "<group>"; };
		080372422C98B7A3002DC9A2 /* Preview Assets.xcassets */ = {isa = PBXFileReference; lastKnownFileType = folder.assetcatalog; path = "Preview Assets.xcassets"; sourceTree = "<group>"; };
		080372482C98B7A3002DC9A2 /* FringePlannerTests.xctest */ = {isa = PBXFileReference; explicitFileType = wrapper.cfbundle; includeInIndex = 0; path = FringePlannerTests.xctest; sourceTree = BUILT_PRODUCTS_DIR; };
		0803724C2C98B7A3002DC9A2 /* ExampleTest.swift */ = {isa = PBXFileReference; lastKnownFileType = sourcecode.swift; path = ExampleTest.swift; sourceTree = "<group>"; };
		080372522C98B7A3002DC9A2 /* FringePlannerUITests.xctest */ = {isa = PBXFileReference; explicitFileType = wrapper.cfbundle; includeInIndex = 0; path = FringePlannerUITests.xctest; sourceTree = BUILT_PRODUCTS_DIR; };
		080372562C98B7A3002DC9A2 /* FringePlannerUITests.swift */ = {isa = PBXFileReference; lastKnownFileType = sourcecode.swift; path = FringePlannerUITests.swift; sourceTree = "<group>"; };
		080372582C98B7A3002DC9A2 /* FringePlannerUITestsLaunchTests.swift */ = {isa = PBXFileReference; lastKnownFileType = sourcecode.swift; path = FringePlannerUITestsLaunchTests.swift; sourceTree = "<group>"; };
		081826A72CBF1443002293FD /* ForEachData.swift */ = {isa = PBXFileReference; lastKnownFileType = sourcecode.swift; path = ForEachData.swift; sourceTree = "<group>"; };
		0819F73A2CD2C279009B9D3E /* HMACGenerator.swift */ = {isa = PBXFileReference; lastKnownFileType = sourcecode.swift; path = HMACGenerator.swift; sourceTree = "<group>"; };
		0819F73C2CD2C4DD009B9D3E /* HMACGeneratorTests.swift */ = {isa = PBXFileReference; lastKnownFileType = sourcecode.swift; path = HMACGeneratorTests.swift; sourceTree = "<group>"; };
		0820A5752CB30F77006DDEE7 /* MakeEquatable.swift */ = {isa = PBXFileReference; lastKnownFileType = sourcecode.swift; path = MakeEquatable.swift; sourceTree = "<group>"; };
		0820A57C2CB31794006DDEE7 /* ViewDataProtocol.swift */ = {isa = PBXFileReference; lastKnownFileType = sourcecode.swift; path = ViewDataProtocol.swift; sourceTree = "<group>"; };
		0820A57F2CB318F5006DDEE7 /* FringeDataResultBuilder.swift */ = {isa = PBXFileReference; lastKnownFileType = sourcecode.swift; path = FringeDataResultBuilder.swift; sourceTree = "<group>"; };
		082DFF272D03839A00F5CBB7 /* ViewDataIsEmptyTests.swift */ = {isa = PBXFileReference; lastKnownFileType = sourcecode.swift; path = ViewDataIsEmptyTests.swift; sourceTree = "<group>"; };
		082DFF292D06573900F5CBB7 /* AttributedString.swift */ = {isa = PBXFileReference; lastKnownFileType = sourcecode.swift; path = AttributedString.swift; sourceTree = "<group>"; };
		0834BB072C9F609F00BF8A5A /* Text.swift */ = {isa = PBXFileReference; lastKnownFileType = sourcecode.swift; path = Text.swift; sourceTree = "<group>"; };
		0835BCC82CCE42770031A860 /* Expectation.swift */ = {isa = PBXFileReference; lastKnownFileType = sourcecode.swift; path = Expectation.swift; sourceTree = "<group>"; };
		0843C2312CE7DD360076FF11 /* FBPerformance.swift */ = {isa = PBXFileReference; lastKnownFileType = sourcecode.swift; path = FBPerformance.swift; sourceTree = "<group>"; };
		0843C2332CE7EA890076FF11 /* ApplicationEnvironment.swift */ = {isa = PBXFileReference; lastKnownFileType = sourcecode.swift; path = ApplicationEnvironment.swift; sourceTree = "<group>"; };
		0843C2352CE7EC400076FF11 /* fringeAssert.swift */ = {isa = PBXFileReference; lastKnownFileType = sourcecode.swift; path = fringeAssert.swift; sourceTree = "<group>"; };
		086159002CD69B7B0076255B /* String.swift */ = {isa = PBXFileReference; lastKnownFileType = sourcecode.swift; path = String.swift; sourceTree = "<group>"; };
		086159032CD69BEA0076255B /* StringTests.swift */ = {isa = PBXFileReference; lastKnownFileType = sourcecode.swift; path = StringTests.swift; sourceTree = "<group>"; };
		0862400B2CCEBD96004DDC3C /* ApiKey.swift */ = {isa = PBXFileReference; lastKnownFileType = sourcecode.swift; path = ApiKey.swift; sourceTree = "<group>"; };
		086240112CCEC02A004DDC3C /* ApiKeyTests.swift */ = {isa = PBXFileReference; lastKnownFileType = sourcecode.swift; path = ApiKeyTests.swift; sourceTree = "<group>"; };
		08666C1E2CC56D370075C50E /* XCTestCase.swift */ = {isa = PBXFileReference; lastKnownFileType = sourcecode.swift; path = XCTestCase.swift; sourceTree = "<group>"; };
		08666C202CC56D710075C50E /* TestUIElement.swift */ = {isa = PBXFileReference; lastKnownFileType = sourcecode.swift; path = TestUIElement.swift; sourceTree = "<group>"; };
		086D086B2CE5276B000B6225 /* FBStatus.swift */ = {isa = PBXFileReference; lastKnownFileType = sourcecode.swift; path = FBStatus.swift; sourceTree = "<group>"; };
		086D086D2CE52842000B6225 /* AnyCodingKey.swift */ = {isa = PBXFileReference; lastKnownFileType = sourcecode.swift; path = AnyCodingKey.swift; sourceTree = "<group>"; };
		086D086F2CE52A26000B6225 /* FBPerformanceType.swift */ = {isa = PBXFileReference; lastKnownFileType = sourcecode.swift; path = FBPerformanceType.swift; sourceTree = "<group>"; };
		086D08712CE52A63000B6225 /* FBPriceType.swift */ = {isa = PBXFileReference; lastKnownFileType = sourcecode.swift; path = FBPriceType.swift; sourceTree = "<group>"; };
		086D08752CE5302B000B6225 /* FBPerformanceSpace.swift */ = {isa = PBXFileReference; lastKnownFileType = sourcecode.swift; path = FBPerformanceSpace.swift; sourceTree = "<group>"; };
		086D08772CE5310F000B6225 /* FBDisabled.swift */ = {isa = PBXFileReference; lastKnownFileType = sourcecode.swift; path = FBDisabled.swift; sourceTree = "<group>"; };
		086D08792CE53292000B6225 /* FBVenue.swift */ = {isa = PBXFileReference; lastKnownFileType = sourcecode.swift; path = FBVenue.swift; sourceTree = "<group>"; };
		086D087B2CE56A54000B6225 /* FBImage.swift */ = {isa = PBXFileReference; lastKnownFileType = sourcecode.swift; path = FBImage.swift; sourceTree = "<group>"; };
		08754C292D18AB800022654F /* EventDetailsContentContainer+Structure+AccessibilityStructure.swift */ = {isa = PBXFileReference; lastKnownFileType = sourcecode.swift; path = "EventDetailsContentContainer+Structure+AccessibilityStructure.swift"; sourceTree = "<group>"; };
		087C59312CFFBE15008007F6 /* ViewDataIsEmpty.swift */ = {isa = PBXFileReference; lastKnownFileType = sourcecode.swift; path = ViewDataIsEmpty.swift; sourceTree = "<group>"; };
		0892D96A2D1AE7DA00145788 /* EventDetailsContentContainer+Structure+DetailsStructure.swift */ = {isa = PBXFileReference; lastKnownFileType = sourcecode.swift; path = "EventDetailsContentContainer+Structure+DetailsStructure.swift"; sourceTree = "<group>"; };
		0892D96C2D1CA48100145788 /* ContainerData.swift */ = {isa = PBXFileReference; lastKnownFileType = sourcecode.swift; path = ContainerData.swift; sourceTree = "<group>"; };
		0892D96E2D1DB86C00145788 /* ContainerData.swift */ = {isa = PBXFileReference; lastKnownFileType = sourcecode.swift; path = ContainerData.swift; sourceTree = "<group>"; };
		0892D9702D1ED3C400145788 /* EventDetailsContentContainer+Structure+DescriptionStructure.swift */ = {isa = PBXFileReference; lastKnownFileType = sourcecode.swift; path = "EventDetailsContentContainer+Structure+DescriptionStructure.swift"; sourceTree = "<group>"; };
		0892D9732D1F274000145788 /* AttributedStringTests.swift */ = {isa = PBXFileReference; lastKnownFileType = sourcecode.swift; path = AttributedStringTests.swift; sourceTree = "<group>"; };
		089764AC2C98E558002E9F64 /* UnitTestPlan.xctestplan */ = {isa = PBXFileReference; lastKnownFileType = text; name = UnitTestPlan.xctestplan; path = FringePlannerTests/TestPlans/UnitTestPlan.xctestplan; sourceTree = "<group>"; };
		08A94E492CEE8309008B84C6 /* SeededContent.swift */ = {isa = PBXFileReference; lastKnownFileType = sourcecode.swift; path = SeededContent.swift; sourceTree = "<group>"; };
		08AB2F862CF65C9A00D22B34 /* SearchEventContentContainer.swift */ = {isa = PBXFileReference; lastKnownFileType = sourcecode.swift; path = SearchEventContentContainer.swift; sourceTree = "<group>"; };
		08B1BF7D2CFBAC4C00925B8D /* Dictionary.swift */ = {isa = PBXFileReference; lastKnownFileType = sourcecode.swift; path = Dictionary.swift; sourceTree = "<group>"; };
		08B1BF7F2CFCEE7300925B8D /* EmptyData.swift */ = {isa = PBXFileReference; lastKnownFileType = sourcecode.swift; path = EmptyData.swift; sourceTree = "<group>"; };
		08B1BF812CFCEEB400925B8D /* ConditionalData.swift */ = {isa = PBXFileReference; lastKnownFileType = sourcecode.swift; path = ConditionalData.swift; sourceTree = "<group>"; };
		08BA67492CE7F291000DDF37 /* FBEvent.swift */ = {isa = PBXFileReference; lastKnownFileType = sourcecode.swift; path = FBEvent.swift; sourceTree = "<group>"; };
		08BA674B2CE7F2E9000DDF37 /* Codable.swift */ = {isa = PBXFileReference; lastKnownFileType = sourcecode.swift; path = Codable.swift; sourceTree = "<group>"; };
		08BA67512CE94730000DDF37 /* FBEventURLBuilder.swift */ = {isa = PBXFileReference; lastKnownFileType = sourcecode.swift; path = FBEventURLBuilder.swift; sourceTree = "<group>"; };
		08BA67532CE9475F000DDF37 /* FBEventDownloader.swift */ = {isa = PBXFileReference; lastKnownFileType = sourcecode.swift; path = FBEventDownloader.swift; sourceTree = "<group>"; };
		08BA67562CE953EF000DDF37 /* FBEventDownloaderTests.swift */ = {isa = PBXFileReference; lastKnownFileType = sourcecode.swift; path = FBEventDownloaderTests.swift; sourceTree = "<group>"; };
		08BA67582CEA3ADD000DDF37 /* Bundle.swift */ = {isa = PBXFileReference; lastKnownFileType = sourcecode.swift; path = Bundle.swift; sourceTree = "<group>"; };
		08BD27152CD983D30029E5DF /* FBEventTests.swift */ = {isa = PBXFileReference; lastKnownFileType = sourcecode.swift; path = FBEventTests.swift; sourceTree = "<group>"; };
		08BD27182CD984270029E5DF /* TestFiles.xcassets */ = {isa = PBXFileReference; lastKnownFileType = folder.assetcatalog; path = TestFiles.xcassets; sourceTree = "<group>"; };
		08C92D682CCEACD4001732E9 /* ContentProtocol.swift */ = {isa = PBXFileReference; lastKnownFileType = sourcecode.swift; path = ContentProtocol.swift; sourceTree = "<group>"; };
		08C92D6D2CCEB7F5001732E9 /* Keys.xcconfig */ = {isa = PBXFileReference; lastKnownFileType = text.xcconfig; path = Keys.xcconfig; sourceTree = "<group>"; };
		08C92D6F2CCEB9E7001732E9 /* Info.plist */ = {isa = PBXFileReference; lastKnownFileType = text.plist; path = Info.plist; sourceTree = "<group>"; };
		08CB2C132CD7C05000B799FA /* General.swift */ = {isa = PBXFileReference; lastKnownFileType = sourcecode.swift; path = General.swift; sourceTree = "<group>"; };
		08CB2C152CD7C0D200B799FA /* GeneralTests.swift */ = {isa = PBXFileReference; lastKnownFileType = sourcecode.swift; path = GeneralTests.swift; sourceTree = "<group>"; };
		08DA9BB22CEA6AE00080C0A5 /* FBEventURLBuilderTests.swift */ = {isa = PBXFileReference; lastKnownFileType = sourcecode.swift; path = FBEventURLBuilderTests.swift; sourceTree = "<group>"; };
		08DF47382CD6B42500405254 /* FilterRequest.swift */ = {isa = PBXFileReference; lastKnownFileType = sourcecode.swift; path = FilterRequest.swift; sourceTree = "<group>"; };
		08E1B3F72CCEA8E600C7333A /* NSPredicate.swift */ = {isa = PBXFileReference; lastKnownFileType = sourcecode.swift; path = NSPredicate.swift; sourceTree = "<group>"; };
		08E1B3FA2CCEAABF00C7333A /* BaseTestCase.swift */ = {isa = PBXFileReference; lastKnownFileType = sourcecode.swift; path = BaseTestCase.swift; sourceTree = "<group>"; };
		08E6AF302D172298007F3F59 /* EventDetailsContentContainerTests.swift */ = {isa = PBXFileReference; lastKnownFileType = sourcecode.swift; path = EventDetailsContentContainerTests.swift; sourceTree = "<group>"; };
		08E6AF332D17939B007F3F59 /* ViewDataProtocol.swift */ = {isa = PBXFileReference; lastKnownFileType = sourcecode.swift; path = ViewDataProtocol.swift; sourceTree = "<group>"; };
		08E6AF352D179457007F3F59 /* EventDetailsContentContainer.swift */ = {isa = PBXFileReference; lastKnownFileType = sourcecode.swift; path = EventDetailsContentContainer.swift; sourceTree = "<group>"; };
		08E8C0402CB98BD000C270F6 /* UITestingContent.swift */ = {isa = PBXFileReference; lastKnownFileType = sourcecode.swift; path = UITestingContent.swift; sourceTree = "<group>"; };
		08E8C0422CBC159F00C270F6 /* NavigationData.swift */ = {isa = PBXFileReference; lastKnownFileType = sourcecode.swift; path = NavigationData.swift; sourceTree = "<group>"; };
		08EFD7FD2D0F06FE0090A051 /* LinkSectionView.swift */ = {isa = PBXFileReference; lastKnownFileType = sourcecode.swift; path = LinkSectionView.swift; sourceTree = "<group>"; };
		08EFD7FF2D0F296E0090A051 /* ButtonSectionView.swift */ = {isa = PBXFileReference; lastKnownFileType = sourcecode.swift; path = ButtonSectionView.swift; sourceTree = "<group>"; };
		08EFD8012D0F3D610090A051 /* TextSectionView.swift */ = {isa = PBXFileReference; lastKnownFileType = sourcecode.swift; path = TextSectionView.swift; sourceTree = "<group>"; };
		08EFD8032D0F47660090A051 /* SectionRowData.swift */ = {isa = PBXFileReference; lastKnownFileType = sourcecode.swift; path = SectionRowData.swift; sourceTree = "<group>"; };
		08F10DAD2CB85D7B008ACBFF /* ArchitectureProtocols.swift */ = {isa = PBXFileReference; lastKnownFileType = sourcecode.swift; path = ArchitectureProtocols.swift; sourceTree = "<group>"; };
		08F10DAF2CB85EB8008ACBFF /* BasicComponents.swift */ = {isa = PBXFileReference; lastKnownFileType = sourcecode.swift; path = BasicComponents.swift; sourceTree = "<group>"; };
		08F10DB22CB85FB9008ACBFF /* DebugOnlyViewDatas.swift */ = {isa = PBXFileReference; lastKnownFileType = sourcecode.swift; path = DebugOnlyViewDatas.swift; sourceTree = "<group>"; };
		08F10DB42CB861F6008ACBFF /* ContentView.swift */ = {isa = PBXFileReference; lastKnownFileType = sourcecode.swift; path = ContentView.swift; sourceTree = "<group>"; };
		08F10DB72CB862B5008ACBFF /* DemoContent.swift */ = {isa = PBXFileReference; lastKnownFileType = sourcecode.swift; path = DemoContent.swift; sourceTree = "<group>"; };
		08F10DB92CB92B95008ACBFF /* GroupData.swift */ = {isa = PBXFileReference; lastKnownFileType = sourcecode.swift; path = GroupData.swift; sourceTree = "<group>"; };
		08F10DBB2CB96082008ACBFF /* UITestPlan.xctestplan */ = {isa = PBXFileReference; lastKnownFileType = text; name = UITestPlan.xctestplan; path = FringePlannerUITests/TestPlans/UITestPlan.xctestplan; sourceTree = "<group>"; };
/* End PBXFileReference section */

/* Begin PBXFrameworksBuildPhase section */
		080372352C98B7A2002DC9A2 /* Frameworks */ = {
			isa = PBXFrameworksBuildPhase;
			buildActionMask = 2147483647;
			files = (
			);
			runOnlyForDeploymentPostprocessing = 0;
		};
		080372452C98B7A3002DC9A2 /* Frameworks */ = {
			isa = PBXFrameworksBuildPhase;
			buildActionMask = 2147483647;
			files = (
			);
			runOnlyForDeploymentPostprocessing = 0;
		};
		0803724F2C98B7A3002DC9A2 /* Frameworks */ = {
			isa = PBXFrameworksBuildPhase;
			buildActionMask = 2147483647;
			files = (
			);
			runOnlyForDeploymentPostprocessing = 0;
		};
/* End PBXFrameworksBuildPhase section */

/* Begin PBXGroup section */
		080272E22C9A20710040A673 /* SwiftUI */ = {
			isa = PBXGroup;
			children = (
				080272E32C9A20800040A673 /* Cell */,
			);
			path = SwiftUI;
			sourceTree = "<group>";
		};
		080272E32C9A20800040A673 /* Cell */ = {
			isa = PBXGroup;
			children = (
				080272E62C9A2EAB0040A673 /* EventPerformanceCell.swift */,
				080272E42C9A208B0040A673 /* EventCell.swift */,
			);
			path = Cell;
			sourceTree = "<group>";
		};
		080272E82C9A394E0040A673 /* Extension */ = {
			isa = PBXGroup;
			children = (
				082DFF292D06573900F5CBB7 /* AttributedString.swift */,
				08B1BF7D2CFBAC4C00925B8D /* Dictionary.swift */,
				086159002CD69B7B0076255B /* String.swift */,
				0834BB072C9F609F00BF8A5A /* Text.swift */,
				080272E92C9A39600040A673 /* EdgeInsets.swift */,
			);
			path = Extension;
			sourceTree = "<group>";
		};
		0803722F2C98B7A2002DC9A2 = {
			isa = PBXGroup;
			children = (
				08F10DBB2CB96082008ACBFF /* UITestPlan.xctestplan */,
				089764AC2C98E558002E9F64 /* UnitTestPlan.xctestplan */,
				0803723A2C98B7A2002DC9A2 /* FringePlanner */,
				0803724B2C98B7A3002DC9A2 /* FringePlannerTests */,
				080372552C98B7A3002DC9A2 /* FringePlannerUITests */,
				080372392C98B7A2002DC9A2 /* Products */,
			);
			sourceTree = "<group>";
		};
		080372392C98B7A2002DC9A2 /* Products */ = {
			isa = PBXGroup;
			children = (
				080372382C98B7A2002DC9A2 /* FringePlanner.app */,
				080372482C98B7A3002DC9A2 /* FringePlannerTests.xctest */,
				080372522C98B7A3002DC9A2 /* FringePlannerUITests.xctest */,
			);
			name = Products;
			sourceTree = "<group>";
		};
		0803723A2C98B7A2002DC9A2 /* FringePlanner */ = {
			isa = PBXGroup;
			children = (
				08A94E482CEE8304008B84C6 /* Debug */,
				08BA67502CE9472A000DDF37 /* API */,
				08C92D6F2CCEB9E7001732E9 /* Info.plist */,
				086D086A2CE5274D000B6225 /* FBModels */,
				08C92D6A2CCEB451001732E9 /* Helper */,
				08F10DB62CB86298008ACBFF /* Content */,
				08F10DB12CB85F5C008ACBFF /* ViewDatas */,
				08F10DAC2CB856E2008ACBFF /* Architecture */,
				0820A57E2CB318EB006DDEE7 /* ResultBuilder */,
				0820A57B2CB31778006DDEE7 /* Protocol */,
				0820A5742CB30F5B006DDEE7 /* PropertyWrapper */,
				080272E82C9A394E0040A673 /* Extension */,
				080272E22C9A20710040A673 /* SwiftUI */,
				080372652C98B826002DC9A2 /* Screen */,
				0803723B2C98B7A2002DC9A2 /* FringePlannerApp.swift */,
				0803723F2C98B7A3002DC9A2 /* Assets.xcassets */,
				080372412C98B7A3002DC9A2 /* Preview Content */,
			);
			path = FringePlanner;
			sourceTree = "<group>";
		};
		080372412C98B7A3002DC9A2 /* Preview Content */ = {
			isa = PBXGroup;
			children = (
				080372422C98B7A3002DC9A2 /* Preview Assets.xcassets */,
			);
			path = "Preview Content";
			sourceTree = "<group>";
		};
		0803724B2C98B7A3002DC9A2 /* FringePlannerTests */ = {
			isa = PBXGroup;
			children = (
				08BD27182CD984270029E5DF /* TestFiles.xcassets */,
				08BA67552CE953C7000DDF37 /* APITests */,
				08E6AF2F2D172282007F3F59 /* ContentTests */,
				08BD27142CD983CB0029E5DF /* ModelTests */,
				086159022CD69BD70076255B /* ExtensionTests */,
				082DFF262D03838D00F5CBB7 /* ProtocolTests */,
				0862400E2CCEBFFE004DDC3C /* HelperTests */,
				08C92D672CCEACCB001732E9 /* Extensions */,
				0803724C2C98B7A3002DC9A2 /* ExampleTest.swift */,
				080272EB2C9A39770040A673 /* EdgeInsetsTests.swift */,
			);
			path = FringePlannerTests;
			sourceTree = "<group>";
		};
		080372552C98B7A3002DC9A2 /* FringePlannerUITests */ = {
			isa = PBXGroup;
			children = (
				08666C1D2CC56D270075C50E /* Extensions */,
				08666C1C2CC56D040075C50E /* Helpers */,
				080372562C98B7A3002DC9A2 /* FringePlannerUITests.swift */,
				080372582C98B7A3002DC9A2 /* FringePlannerUITestsLaunchTests.swift */,
			);
			path = FringePlannerUITests;
			sourceTree = "<group>";
		};
		080372652C98B826002DC9A2 /* Screen */ = {
			isa = PBXGroup;
			children = (
				0803723D2C98B7A2002DC9A2 /* MainScreen.swift */,
			);
			path = Screen;
			sourceTree = "<group>";
		};
		0820A5742CB30F5B006DDEE7 /* PropertyWrapper */ = {
			isa = PBXGroup;
			children = (
				0820A5752CB30F77006DDEE7 /* MakeEquatable.swift */,
			);
			path = PropertyWrapper;
			sourceTree = "<group>";
		};
		0820A57B2CB31778006DDEE7 /* Protocol */ = {
			isa = PBXGroup;
			children = (
				087C59312CFFBE15008007F6 /* ViewDataIsEmpty.swift */,
				0820A57C2CB31794006DDEE7 /* ViewDataProtocol.swift */,
			);
			path = Protocol;
			sourceTree = "<group>";
		};
		0820A57E2CB318EB006DDEE7 /* ResultBuilder */ = {
			isa = PBXGroup;
			children = (
				0820A57F2CB318F5006DDEE7 /* FringeDataResultBuilder.swift */,
			);
			path = ResultBuilder;
			sourceTree = "<group>";
		};
		082DFF262D03838D00F5CBB7 /* ProtocolTests */ = {
			isa = PBXGroup;
			children = (
				082DFF272D03839A00F5CBB7 /* ViewDataIsEmptyTests.swift */,
			);
			path = ProtocolTests;
			sourceTree = "<group>";
		};
		086159022CD69BD70076255B /* ExtensionTests */ = {
			isa = PBXGroup;
			children = (
				0892D9732D1F274000145788 /* AttributedStringTests.swift */,
				086159032CD69BEA0076255B /* StringTests.swift */,
			);
			path = ExtensionTests;
			sourceTree = "<group>";
		};
		0862400E2CCEBFFE004DDC3C /* HelperTests */ = {
			isa = PBXGroup;
			children = (
				08CB2C152CD7C0D200B799FA /* GeneralTests.swift */,
				08033E112CD41E6A00380D54 /* FilterRequestTests.swift */,
				0819F73C2CD2C4DD009B9D3E /* HMACGeneratorTests.swift */,
				086240112CCEC02A004DDC3C /* ApiKeyTests.swift */,
			);
			path = HelperTests;
			sourceTree = "<group>";
		};
		08666C1C2CC56D040075C50E /* Helpers */ = {
			isa = PBXGroup;
			children = (
				08E1B3FA2CCEAABF00C7333A /* BaseTestCase.swift */,
				0835BCC82CCE42770031A860 /* Expectation.swift */,
				08666C202CC56D710075C50E /* TestUIElement.swift */,
			);
			path = Helpers;
			sourceTree = "<group>";
		};
		08666C1D2CC56D270075C50E /* Extensions */ = {
			isa = PBXGroup;
			children = (
				08E1B3F72CCEA8E600C7333A /* NSPredicate.swift */,
				08666C1E2CC56D370075C50E /* XCTestCase.swift */,
			);
			path = Extensions;
			sourceTree = "<group>";
		};
		086D086A2CE5274D000B6225 /* FBModels */ = {
			isa = PBXGroup;
			children = (
				08BA674D2CE9090D000DDF37 /* Enum */,
				08BA67492CE7F291000DDF37 /* FBEvent.swift */,
				0843C2312CE7DD360076FF11 /* FBPerformance.swift */,
				086D087B2CE56A54000B6225 /* FBImage.swift */,
				086D08792CE53292000B6225 /* FBVenue.swift */,
				086D08772CE5310F000B6225 /* FBDisabled.swift */,
				086D08752CE5302B000B6225 /* FBPerformanceSpace.swift */,
			);
			path = FBModels;
			sourceTree = "<group>";
		};
		08754C282D18AB740022654F /* EventDetailsContentContainer */ = {
			isa = PBXGroup;
			children = (
				0892D9702D1ED3C400145788 /* EventDetailsContentContainer+Structure+DescriptionStructure.swift */,
				0892D96A2D1AE7DA00145788 /* EventDetailsContentContainer+Structure+DetailsStructure.swift */,
				08754C292D18AB800022654F /* EventDetailsContentContainer+Structure+AccessibilityStructure.swift */,
			);
			path = EventDetailsContentContainer;
			sourceTree = "<group>";
		};
		08A94E482CEE8304008B84C6 /* Debug */ = {
			isa = PBXGroup;
			children = (
				08A94E492CEE8309008B84C6 /* SeededContent.swift */,
			);
			path = Debug;
			sourceTree = "<group>";
		};
		08BA674D2CE9090D000DDF37 /* Enum */ = {
			isa = PBXGroup;
			children = (
				086D086B2CE5276B000B6225 /* FBStatus.swift */,
				086D086F2CE52A26000B6225 /* FBPerformanceType.swift */,
				086D08712CE52A63000B6225 /* FBPriceType.swift */,
			);
			path = Enum;
			sourceTree = "<group>";
		};
		08BA67502CE9472A000DDF37 /* API */ = {
			isa = PBXGroup;
			children = (
				08BA67532CE9475F000DDF37 /* FBEventDownloader.swift */,
				08BA67512CE94730000DDF37 /* FBEventURLBuilder.swift */,
			);
			path = API;
			sourceTree = "<group>";
		};
		08BA67552CE953C7000DDF37 /* APITests */ = {
			isa = PBXGroup;
			children = (
				08DA9BB22CEA6AE00080C0A5 /* FBEventURLBuilderTests.swift */,
				08BA67562CE953EF000DDF37 /* FBEventDownloaderTests.swift */,
			);
			path = APITests;
			sourceTree = "<group>";
		};
		08BD27142CD983CB0029E5DF /* ModelTests */ = {
			isa = PBXGroup;
			children = (
				08BD27152CD983D30029E5DF /* FBEventTests.swift */,
			);
			path = ModelTests;
			sourceTree = "<group>";
		};
		08C92D672CCEACCB001732E9 /* Extensions */ = {
			isa = PBXGroup;
			children = (
				0892D96E2D1DB86C00145788 /* ContainerData.swift */,
				08E6AF332D17939B007F3F59 /* ViewDataProtocol.swift */,
				08BA67582CEA3ADD000DDF37 /* Bundle.swift */,
				08C92D682CCEACD4001732E9 /* ContentProtocol.swift */,
			);
			path = Extensions;
			sourceTree = "<group>";
		};
		08C92D6A2CCEB451001732E9 /* Helper */ = {
			isa = PBXGroup;
			children = (
				08BA674B2CE7F2E9000DDF37 /* Codable.swift */,
				0843C2352CE7EC400076FF11 /* fringeAssert.swift */,
				0843C2332CE7EA890076FF11 /* ApplicationEnvironment.swift */,
				086D086D2CE52842000B6225 /* AnyCodingKey.swift */,
				08CB2C132CD7C05000B799FA /* General.swift */,
				08DF47382CD6B42500405254 /* FilterRequest.swift */,
				0819F73A2CD2C279009B9D3E /* HMACGenerator.swift */,
				0862400B2CCEBD96004DDC3C /* ApiKey.swift */,
				08C92D6D2CCEB7F5001732E9 /* Keys.xcconfig */,
			);
			path = Helper;
			sourceTree = "<group>";
		};
		08E6AF2F2D172282007F3F59 /* ContentTests */ = {
			isa = PBXGroup;
			children = (
				08E6AF302D172298007F3F59 /* EventDetailsContentContainerTests.swift */,
			);
			path = ContentTests;
			sourceTree = "<group>";
		};
		08EFD7FC2D0F06E30090A051 /* SectionRowData */ = {
			isa = PBXGroup;
			children = (
				08EFD8032D0F47660090A051 /* SectionRowData.swift */,
				08EFD8012D0F3D610090A051 /* TextSectionView.swift */,
				08EFD7FF2D0F296E0090A051 /* ButtonSectionView.swift */,
				08EFD7FD2D0F06FE0090A051 /* LinkSectionView.swift */,
			);
			path = SectionRowData;
			sourceTree = "<group>";
		};
		08F10DAC2CB856E2008ACBFF /* Architecture */ = {
			isa = PBXGroup;
			children = (
				08F10DB42CB861F6008ACBFF /* ContentView.swift */,
				08F10DAF2CB85EB8008ACBFF /* BasicComponents.swift */,
				08F10DAD2CB85D7B008ACBFF /* ArchitectureProtocols.swift */,
			);
			path = Architecture;
			sourceTree = "<group>";
		};
		08F10DB12CB85F5C008ACBFF /* ViewDatas */ = {
			isa = PBXGroup;
			children = (
				08EFD7FC2D0F06E30090A051 /* SectionRowData */,
				08B1BF812CFCEEB400925B8D /* ConditionalData.swift */,
				0892D96C2D1CA48100145788 /* ContainerData.swift */,
				08B1BF7F2CFCEE7300925B8D /* EmptyData.swift */,
				081826A72CBF1443002293FD /* ForEachData.swift */,
				08E8C0422CBC159F00C270F6 /* NavigationData.swift */,
				08F10DB92CB92B95008ACBFF /* GroupData.swift */,
				08F10DB22CB85FB9008ACBFF /* DebugOnlyViewDatas.swift */,
			);
			path = ViewDatas;
			sourceTree = "<group>";
		};
		08F10DB62CB86298008ACBFF /* Content */ = {
			isa = PBXGroup;
			children = (
				08754C282D18AB740022654F /* EventDetailsContentContainer */,
				08E6AF352D179457007F3F59 /* EventDetailsContentContainer.swift */,
				08AB2F862CF65C9A00D22B34 /* SearchEventContentContainer.swift */,
				08E8C0402CB98BD000C270F6 /* UITestingContent.swift */,
				08F10DB72CB862B5008ACBFF /* DemoContent.swift */,
			);
			path = Content;
			sourceTree = "<group>";
		};
/* End PBXGroup section */

/* Begin PBXNativeTarget section */
		080372372C98B7A2002DC9A2 /* FringePlanner */ = {
			isa = PBXNativeTarget;
			buildConfigurationList = 0803725C2C98B7A3002DC9A2 /* Build configuration list for PBXNativeTarget "FringePlanner" */;
			buildPhases = (
				080372342C98B7A2002DC9A2 /* Sources */,
				080372352C98B7A2002DC9A2 /* Frameworks */,
				080372362C98B7A2002DC9A2 /* Resources */,
				08BA674F2CE90D49000DDF37 /* ShellScript */,
			);
			buildRules = (
			);
			dependencies = (
			);
			name = FringePlanner;
			productName = FringePlanner;
			productReference = 080372382C98B7A2002DC9A2 /* FringePlanner.app */;
			productType = "com.apple.product-type.application";
		};
		080372472C98B7A3002DC9A2 /* FringePlannerTests */ = {
			isa = PBXNativeTarget;
			buildConfigurationList = 0803725F2C98B7A3002DC9A2 /* Build configuration list for PBXNativeTarget "FringePlannerTests" */;
			buildPhases = (
				080372442C98B7A3002DC9A2 /* Sources */,
				080372452C98B7A3002DC9A2 /* Frameworks */,
				080372462C98B7A3002DC9A2 /* Resources */,
			);
			buildRules = (
			);
			dependencies = (
				0803724A2C98B7A3002DC9A2 /* PBXTargetDependency */,
			);
			name = FringePlannerTests;
			productName = FringePlannerTests;
			productReference = 080372482C98B7A3002DC9A2 /* FringePlannerTests.xctest */;
			productType = "com.apple.product-type.bundle.unit-test";
		};
		080372512C98B7A3002DC9A2 /* FringePlannerUITests */ = {
			isa = PBXNativeTarget;
			buildConfigurationList = 080372622C98B7A3002DC9A2 /* Build configuration list for PBXNativeTarget "FringePlannerUITests" */;
			buildPhases = (
				0803724E2C98B7A3002DC9A2 /* Sources */,
				0803724F2C98B7A3002DC9A2 /* Frameworks */,
				080372502C98B7A3002DC9A2 /* Resources */,
			);
			buildRules = (
			);
			dependencies = (
				080372542C98B7A3002DC9A2 /* PBXTargetDependency */,
			);
			name = FringePlannerUITests;
			productName = FringePlannerUITests;
			productReference = 080372522C98B7A3002DC9A2 /* FringePlannerUITests.xctest */;
			productType = "com.apple.product-type.bundle.ui-testing";
		};
/* End PBXNativeTarget section */

/* Begin PBXProject section */
		080372302C98B7A2002DC9A2 /* Project object */ = {
			isa = PBXProject;
			attributes = {
				BuildIndependentTargetsInParallel = 1;
				LastSwiftUpdateCheck = 1600;
				LastUpgradeCheck = 1610;
				TargetAttributes = {
					080372372C98B7A2002DC9A2 = {
						CreatedOnToolsVersion = 16.0;
					};
					080372472C98B7A3002DC9A2 = {
						CreatedOnToolsVersion = 16.0;
						TestTargetID = 080372372C98B7A2002DC9A2;
					};
					080372512C98B7A3002DC9A2 = {
						CreatedOnToolsVersion = 16.0;
						TestTargetID = 080372372C98B7A2002DC9A2;
					};
				};
			};
			buildConfigurationList = 080372332C98B7A2002DC9A2 /* Build configuration list for PBXProject "FringePlanner" */;
			compatibilityVersion = "Xcode 15.0";
			developmentRegion = en;
			hasScannedForEncodings = 0;
			knownRegions = (
				en,
				Base,
			);
			mainGroup = 0803722F2C98B7A2002DC9A2;
			productRefGroup = 080372392C98B7A2002DC9A2 /* Products */;
			projectDirPath = "";
			projectRoot = "";
			targets = (
				080372372C98B7A2002DC9A2 /* FringePlanner */,
				080372472C98B7A3002DC9A2 /* FringePlannerTests */,
				080372512C98B7A3002DC9A2 /* FringePlannerUITests */,
			);
		};
/* End PBXProject section */

/* Begin PBXResourcesBuildPhase section */
		080372362C98B7A2002DC9A2 /* Resources */ = {
			isa = PBXResourcesBuildPhase;
			buildActionMask = 2147483647;
			files = (
				080372432C98B7A3002DC9A2 /* Preview Assets.xcassets in Resources */,
				080372402C98B7A3002DC9A2 /* Assets.xcassets in Resources */,
			);
			runOnlyForDeploymentPostprocessing = 0;
		};
		080372462C98B7A3002DC9A2 /* Resources */ = {
			isa = PBXResourcesBuildPhase;
			buildActionMask = 2147483647;
			files = (
				08BD27192CD986920029E5DF /* TestFiles.xcassets in Resources */,
			);
			runOnlyForDeploymentPostprocessing = 0;
		};
		080372502C98B7A3002DC9A2 /* Resources */ = {
			isa = PBXResourcesBuildPhase;
			buildActionMask = 2147483647;
			files = (
			);
			runOnlyForDeploymentPostprocessing = 0;
		};
/* End PBXResourcesBuildPhase section */

/* Begin PBXShellScriptBuildPhase section */
		08BA674F2CE90D49000DDF37 /* ShellScript */ = {
			isa = PBXShellScriptBuildPhase;
			alwaysOutOfDate = 1;
			buildActionMask = 2147483647;
			files = (
			);
			inputFileListPaths = (
			);
			inputPaths = (
			);
			outputFileListPaths = (
			);
			outputPaths = (
			);
			runOnlyForDeploymentPostprocessing = 0;
			shellPath = /bin/sh;
			shellScript = "if [[ \"$(uname -m)\" == arm64 ]]; then\n    export PATH=\"/opt/homebrew/bin:$PATH\"\nfi\n\nif which swiftlint > /dev/null; then\n  swiftlint\nelse\n  echo \"warning: SwiftLint not installed, download from https://github.com/realm/SwiftLint\"\nfi\n";
			showEnvVarsInLog = 0;
		};
/* End PBXShellScriptBuildPhase section */

/* Begin PBXSourcesBuildPhase section */
		080372342C98B7A2002DC9A2 /* Sources */ = {
			isa = PBXSourcesBuildPhase;
			buildActionMask = 2147483647;
			files = (
				08F10DB32CB85FC3008ACBFF /* DebugOnlyViewDatas.swift in Sources */,
				08E8C0432CBC15A000C270F6 /* NavigationData.swift in Sources */,
				086D086E2CE52844000B6225 /* AnyCodingKey.swift in Sources */,
				0843C2322CE7DD390076FF11 /* FBPerformance.swift in Sources */,
				086D08722CE52A64000B6225 /* FBPriceType.swift in Sources */,
				086159012CD69B7E0076255B /* String.swift in Sources */,
				08B1BF822CFCEEB600925B8D /* ConditionalData.swift in Sources */,
				0820A57D2CB31795006DDEE7 /* ViewDataProtocol.swift in Sources */,
				0820A5802CB318FD006DDEE7 /* FringeDataResultBuilder.swift in Sources */,
				08F10DAE2CB85D91008ACBFF /* ArchitectureProtocols.swift in Sources */,
				08F10DB82CB862B8008ACBFF /* DemoContent.swift in Sources */,
				080272E52C9A20950040A673 /* EventCell.swift in Sources */,
				0892D9712D1ED3CB00145788 /* EventDetailsContentContainer+Structure+DescriptionStructure.swift in Sources */,
				0892D96B2D1AE7E200145788 /* EventDetailsContentContainer+Structure+DetailsStructure.swift in Sources */,
				0862400C2CCEBD9E004DDC3C /* ApiKey.swift in Sources */,
				08E6AF362D179458007F3F59 /* EventDetailsContentContainer.swift in Sources */,
				08EFD8042D0F47690090A051 /* SectionRowData.swift in Sources */,
				081826A82CBF1445002293FD /* ForEachData.swift in Sources */,
				08BA67542CE94767000DDF37 /* FBEventDownloader.swift in Sources */,
				086D086C2CE5276C000B6225 /* FBStatus.swift in Sources */,
				08DF47392CD6B42700405254 /* FilterRequest.swift in Sources */,
				08F10DB02CB85EC0008ACBFF /* BasicComponents.swift in Sources */,
				086D08762CE5302C000B6225 /* FBPerformanceSpace.swift in Sources */,
				086D087A2CE53296000B6225 /* FBVenue.swift in Sources */,
				08BA674C2CE7F2F6000DDF37 /* Codable.swift in Sources */,
				08EFD8022D0F3D620090A051 /* TextSectionView.swift in Sources */,
				08CB2C142CD7C05A00B799FA /* General.swift in Sources */,
				08B1BF7E2CFBAC4F00925B8D /* Dictionary.swift in Sources */,
				08A94E4A2CEE8315008B84C6 /* SeededContent.swift in Sources */,
				08AB2F872CF65C9D00D22B34 /* SearchEventContentContainer.swift in Sources */,
				0803723E2C98B7A2002DC9A2 /* MainScreen.swift in Sources */,
				08E8C0412CB98BD500C270F6 /* UITestingContent.swift in Sources */,
				082DFF2A2D06573B00F5CBB7 /* AttributedString.swift in Sources */,
				0892D96D2D1CA48300145788 /* ContainerData.swift in Sources */,
				0820A5762CB30F7B006DDEE7 /* MakeEquatable.swift in Sources */,
				08F10DBA2CB92B97008ACBFF /* GroupData.swift in Sources */,
				08B1BF802CFCEE7400925B8D /* EmptyData.swift in Sources */,
				086D08702CE52A28000B6225 /* FBPerformanceType.swift in Sources */,
				086D087C2CE56A56000B6225 /* FBImage.swift in Sources */,
				08754C2A2D18AB920022654F /* EventDetailsContentContainer+Structure+AccessibilityStructure.swift in Sources */,
				08BA67522CE94733000DDF37 /* FBEventURLBuilder.swift in Sources */,
				080272EA2C9A39620040A673 /* EdgeInsets.swift in Sources */,
				0803723C2C98B7A2002DC9A2 /* FringePlannerApp.swift in Sources */,
				08F10DB52CB861F9008ACBFF /* ContentView.swift in Sources */,
				087C59322CFFBE17008007F6 /* ViewDataIsEmpty.swift in Sources */,
				08EFD7FE2D0F06FF0090A051 /* LinkSectionView.swift in Sources */,
				08EFD8002D0F29700090A051 /* ButtonSectionView.swift in Sources */,
				0843C2362CE7EC430076FF11 /* fringeAssert.swift in Sources */,
				08BA674A2CE7F293000DDF37 /* FBEvent.swift in Sources */,
				0819F73B2CD2C27C009B9D3E /* HMACGenerator.swift in Sources */,
				0834BB082C9F60A100BF8A5A /* Text.swift in Sources */,
				0843C2342CE7EA8C0076FF11 /* ApplicationEnvironment.swift in Sources */,
				0820A5732CB308BE006DDEE7 /* EventPerformanceCell.swift in Sources */,
				086D08782CE53111000B6225 /* FBDisabled.swift in Sources */,
			);
			runOnlyForDeploymentPostprocessing = 0;
		};
		080372442C98B7A3002DC9A2 /* Sources */ = {
			isa = PBXSourcesBuildPhase;
			buildActionMask = 2147483647;
			files = (
				0803724D2C98B7A3002DC9A2 /* ExampleTest.swift in Sources */,
				08BD27162CD983DA0029E5DF /* FBEventTests.swift in Sources */,
				0892D9742D1F274600145788 /* AttributedStringTests.swift in Sources */,
				086240122CCEC030004DDC3C /* ApiKeyTests.swift in Sources */,
				08BA67592CEA3ADE000DDF37 /* Bundle.swift in Sources */,
				082DFF282D03839E00F5CBB7 /* ViewDataIsEmptyTests.swift in Sources */,
				0819F73D2CD2C4E1009B9D3E /* HMACGeneratorTests.swift in Sources */,
				08033E122CD41E6D00380D54 /* FilterRequestTests.swift in Sources */,
				08BA67572CE953F3000DDF37 /* FBEventDownloaderTests.swift in Sources */,
				08E6AF342D17939D007F3F59 /* ViewDataProtocol.swift in Sources */,
				08E6AF312D17229B007F3F59 /* EventDetailsContentContainerTests.swift in Sources */,
				086159042CD69BEE0076255B /* StringTests.swift in Sources */,
				0892D96F2D1DB86E00145788 /* ContainerData.swift in Sources */,
				08C92D692CCEACD9001732E9 /* ContentProtocol.swift in Sources */,
				08CB2C162CD7C0D700B799FA /* GeneralTests.swift in Sources */,
				08DA9BB32CEA6AE20080C0A5 /* FBEventURLBuilderTests.swift in Sources */,
				080272EC2C9A39810040A673 /* EdgeInsetsTests.swift in Sources */,
			);
			runOnlyForDeploymentPostprocessing = 0;
		};
		0803724E2C98B7A3002DC9A2 /* Sources */ = {
			isa = PBXSourcesBuildPhase;
			buildActionMask = 2147483647;
			files = (
				080372592C98B7A3002DC9A2 /* FringePlannerUITestsLaunchTests.swift in Sources */,
				08666C1F2CC56D3A0075C50E /* XCTestCase.swift in Sources */,
				08E1B3F82CCEA8EE00C7333A /* NSPredicate.swift in Sources */,
				08E1B3FB2CCEAAD800C7333A /* BaseTestCase.swift in Sources */,
				08666C212CC56D730075C50E /* TestUIElement.swift in Sources */,
				080372572C98B7A3002DC9A2 /* FringePlannerUITests.swift in Sources */,
				0835BCC92CCE42790031A860 /* Expectation.swift in Sources */,
			);
			runOnlyForDeploymentPostprocessing = 0;
		};
/* End PBXSourcesBuildPhase section */

/* Begin PBXTargetDependency section */
		0803724A2C98B7A3002DC9A2 /* PBXTargetDependency */ = {
			isa = PBXTargetDependency;
			target = 080372372C98B7A2002DC9A2 /* FringePlanner */;
			targetProxy = 080372492C98B7A3002DC9A2 /* PBXContainerItemProxy */;
		};
		080372542C98B7A3002DC9A2 /* PBXTargetDependency */ = {
			isa = PBXTargetDependency;
			target = 080372372C98B7A2002DC9A2 /* FringePlanner */;
			targetProxy = 080372532C98B7A3002DC9A2 /* PBXContainerItemProxy */;
		};
/* End PBXTargetDependency section */

/* Begin XCBuildConfiguration section */
		0803725A2C98B7A3002DC9A2 /* Debug */ = {
			isa = XCBuildConfiguration;
			baseConfigurationReference = 08C92D6D2CCEB7F5001732E9 /* Keys.xcconfig */;
			buildSettings = {
				ALWAYS_SEARCH_USER_PATHS = NO;
				ASSETCATALOG_COMPILER_GENERATE_SWIFT_ASSET_SYMBOL_EXTENSIONS = YES;
				CLANG_ANALYZER_NONNULL = YES;
				CLANG_ANALYZER_NUMBER_OBJECT_CONVERSION = YES_AGGRESSIVE;
				CLANG_CXX_LANGUAGE_STANDARD = "gnu++20";
				CLANG_ENABLE_MODULES = YES;
				CLANG_ENABLE_OBJC_ARC = YES;
				CLANG_ENABLE_OBJC_WEAK = YES;
				CLANG_WARN_BLOCK_CAPTURE_AUTORELEASING = YES;
				CLANG_WARN_BOOL_CONVERSION = YES;
				CLANG_WARN_COMMA = YES;
				CLANG_WARN_CONSTANT_CONVERSION = YES;
				CLANG_WARN_DEPRECATED_OBJC_IMPLEMENTATIONS = YES;
				CLANG_WARN_DIRECT_OBJC_ISA_USAGE = YES_ERROR;
				CLANG_WARN_DOCUMENTATION_COMMENTS = YES;
				CLANG_WARN_EMPTY_BODY = YES;
				CLANG_WARN_ENUM_CONVERSION = YES;
				CLANG_WARN_INFINITE_RECURSION = YES;
				CLANG_WARN_INT_CONVERSION = YES;
				CLANG_WARN_NON_LITERAL_NULL_CONVERSION = YES;
				CLANG_WARN_OBJC_IMPLICIT_RETAIN_SELF = YES;
				CLANG_WARN_OBJC_LITERAL_CONVERSION = YES;
				CLANG_WARN_OBJC_ROOT_CLASS = YES_ERROR;
				CLANG_WARN_QUOTED_INCLUDE_IN_FRAMEWORK_HEADER = YES;
				CLANG_WARN_RANGE_LOOP_ANALYSIS = YES;
				CLANG_WARN_STRICT_PROTOTYPES = YES;
				CLANG_WARN_SUSPICIOUS_MOVE = YES;
				CLANG_WARN_UNGUARDED_AVAILABILITY = YES_AGGRESSIVE;
				CLANG_WARN_UNREACHABLE_CODE = YES;
				CLANG_WARN__DUPLICATE_METHOD_MATCH = YES;
				COPY_PHASE_STRIP = NO;
				DEBUG_INFORMATION_FORMAT = dwarf;
				ENABLE_STRICT_OBJC_MSGSEND = YES;
				ENABLE_TESTABILITY = YES;
				ENABLE_USER_SCRIPT_SANDBOXING = YES;
				GCC_C_LANGUAGE_STANDARD = gnu17;
				GCC_DYNAMIC_NO_PIC = NO;
				GCC_NO_COMMON_BLOCKS = YES;
				GCC_OPTIMIZATION_LEVEL = 0;
				GCC_PREPROCESSOR_DEFINITIONS = (
					"DEBUG=1",
					"$(inherited)",
				);
				GCC_WARN_64_TO_32_BIT_CONVERSION = YES;
				GCC_WARN_ABOUT_RETURN_TYPE = YES_ERROR;
				GCC_WARN_UNDECLARED_SELECTOR = YES;
				GCC_WARN_UNINITIALIZED_AUTOS = YES_AGGRESSIVE;
				GCC_WARN_UNUSED_FUNCTION = YES;
				GCC_WARN_UNUSED_VARIABLE = YES;
				IPHONEOS_DEPLOYMENT_TARGET = 17.2;
				LOCALIZATION_PREFERS_STRING_CATALOGS = YES;
				MTL_ENABLE_DEBUG_INFO = INCLUDE_SOURCE;
				MTL_FAST_MATH = YES;
				ONLY_ACTIVE_ARCH = YES;
				SDKROOT = iphoneos;
				SWIFT_ACTIVE_COMPILATION_CONDITIONS = "DEBUG $(inherited)";
				SWIFT_OPTIMIZATION_LEVEL = "-Onone";
			};
			name = Debug;
		};
		0803725B2C98B7A3002DC9A2 /* Release */ = {
			isa = XCBuildConfiguration;
			baseConfigurationReference = 08C92D6D2CCEB7F5001732E9 /* Keys.xcconfig */;
			buildSettings = {
				ALWAYS_SEARCH_USER_PATHS = NO;
				ASSETCATALOG_COMPILER_GENERATE_SWIFT_ASSET_SYMBOL_EXTENSIONS = YES;
				CLANG_ANALYZER_NONNULL = YES;
				CLANG_ANALYZER_NUMBER_OBJECT_CONVERSION = YES_AGGRESSIVE;
				CLANG_CXX_LANGUAGE_STANDARD = "gnu++20";
				CLANG_ENABLE_MODULES = YES;
				CLANG_ENABLE_OBJC_ARC = YES;
				CLANG_ENABLE_OBJC_WEAK = YES;
				CLANG_WARN_BLOCK_CAPTURE_AUTORELEASING = YES;
				CLANG_WARN_BOOL_CONVERSION = YES;
				CLANG_WARN_COMMA = YES;
				CLANG_WARN_CONSTANT_CONVERSION = YES;
				CLANG_WARN_DEPRECATED_OBJC_IMPLEMENTATIONS = YES;
				CLANG_WARN_DIRECT_OBJC_ISA_USAGE = YES_ERROR;
				CLANG_WARN_DOCUMENTATION_COMMENTS = YES;
				CLANG_WARN_EMPTY_BODY = YES;
				CLANG_WARN_ENUM_CONVERSION = YES;
				CLANG_WARN_INFINITE_RECURSION = YES;
				CLANG_WARN_INT_CONVERSION = YES;
				CLANG_WARN_NON_LITERAL_NULL_CONVERSION = YES;
				CLANG_WARN_OBJC_IMPLICIT_RETAIN_SELF = YES;
				CLANG_WARN_OBJC_LITERAL_CONVERSION = YES;
				CLANG_WARN_OBJC_ROOT_CLASS = YES_ERROR;
				CLANG_WARN_QUOTED_INCLUDE_IN_FRAMEWORK_HEADER = YES;
				CLANG_WARN_RANGE_LOOP_ANALYSIS = YES;
				CLANG_WARN_STRICT_PROTOTYPES = YES;
				CLANG_WARN_SUSPICIOUS_MOVE = YES;
				CLANG_WARN_UNGUARDED_AVAILABILITY = YES_AGGRESSIVE;
				CLANG_WARN_UNREACHABLE_CODE = YES;
				CLANG_WARN__DUPLICATE_METHOD_MATCH = YES;
				COPY_PHASE_STRIP = NO;
				DEBUG_INFORMATION_FORMAT = "dwarf-with-dsym";
				ENABLE_NS_ASSERTIONS = NO;
				ENABLE_STRICT_OBJC_MSGSEND = YES;
				ENABLE_USER_SCRIPT_SANDBOXING = YES;
				GCC_C_LANGUAGE_STANDARD = gnu17;
				GCC_NO_COMMON_BLOCKS = YES;
				GCC_WARN_64_TO_32_BIT_CONVERSION = YES;
				GCC_WARN_ABOUT_RETURN_TYPE = YES_ERROR;
				GCC_WARN_UNDECLARED_SELECTOR = YES;
				GCC_WARN_UNINITIALIZED_AUTOS = YES_AGGRESSIVE;
				GCC_WARN_UNUSED_FUNCTION = YES;
				GCC_WARN_UNUSED_VARIABLE = YES;
				IPHONEOS_DEPLOYMENT_TARGET = 17.2;
				LOCALIZATION_PREFERS_STRING_CATALOGS = YES;
				MTL_ENABLE_DEBUG_INFO = NO;
				MTL_FAST_MATH = YES;
				SDKROOT = iphoneos;
				SWIFT_COMPILATION_MODE = wholemodule;
				VALIDATE_PRODUCT = YES;
			};
			name = Release;
		};
		0803725D2C98B7A3002DC9A2 /* Debug */ = {
			isa = XCBuildConfiguration;
			baseConfigurationReference = 08C92D6D2CCEB7F5001732E9 /* Keys.xcconfig */;
			buildSettings = {
				ASSETCATALOG_COMPILER_APPICON_NAME = AppIcon;
				ASSETCATALOG_COMPILER_GLOBAL_ACCENT_COLOR_NAME = AccentColor;
				CODE_SIGN_STYLE = Automatic;
				CURRENT_PROJECT_VERSION = 1;
				DEVELOPMENT_ASSET_PATHS = "\"FringePlanner/Preview Content\"";
				DEVELOPMENT_TEAM = Z5GWZ3778M;
				ENABLE_PREVIEWS = YES;
				ENABLE_USER_SCRIPT_SANDBOXING = NO;
				GENERATE_INFOPLIST_FILE = YES;
				INFOPLIST_FILE = FringePlanner/Info.plist;
				INFOPLIST_KEY_UIApplicationSceneManifest_Generation = YES;
				INFOPLIST_KEY_UIApplicationSupportsIndirectInputEvents = YES;
				INFOPLIST_KEY_UILaunchScreen_Generation = YES;
				INFOPLIST_KEY_UISupportedInterfaceOrientations_iPad = "UIInterfaceOrientationPortrait UIInterfaceOrientationPortraitUpsideDown UIInterfaceOrientationLandscapeLeft UIInterfaceOrientationLandscapeRight";
				INFOPLIST_KEY_UISupportedInterfaceOrientations_iPhone = "UIInterfaceOrientationPortrait UIInterfaceOrientationLandscapeLeft UIInterfaceOrientationLandscapeRight";
				IPHONEOS_DEPLOYMENT_TARGET = 17.2;
				LD_RUNPATH_SEARCH_PATHS = (
					"$(inherited)",
					"@executable_path/Frameworks",
				);
				MARKETING_VERSION = 1.0;
				PRODUCT_BUNDLE_IDENTIFIER = info.alanmacgregor.FringePlanner;
				PRODUCT_NAME = "$(TARGET_NAME)";
				SWIFT_EMIT_LOC_STRINGS = YES;
				SWIFT_VERSION = 6.0;
				TARGETED_DEVICE_FAMILY = "1,2";
			};
			name = Debug;
		};
		0803725E2C98B7A3002DC9A2 /* Release */ = {
			isa = XCBuildConfiguration;
			baseConfigurationReference = 08C92D6D2CCEB7F5001732E9 /* Keys.xcconfig */;
			buildSettings = {
				ASSETCATALOG_COMPILER_APPICON_NAME = AppIcon;
				ASSETCATALOG_COMPILER_GLOBAL_ACCENT_COLOR_NAME = AccentColor;
				CODE_SIGN_STYLE = Automatic;
				CURRENT_PROJECT_VERSION = 1;
				DEVELOPMENT_ASSET_PATHS = "\"FringePlanner/Preview Content\"";
				DEVELOPMENT_TEAM = Z5GWZ3778M;
				ENABLE_PREVIEWS = YES;
				ENABLE_USER_SCRIPT_SANDBOXING = NO;
				GENERATE_INFOPLIST_FILE = YES;
				INFOPLIST_FILE = FringePlanner/Info.plist;
				INFOPLIST_KEY_UIApplicationSceneManifest_Generation = YES;
				INFOPLIST_KEY_UIApplicationSupportsIndirectInputEvents = YES;
				INFOPLIST_KEY_UILaunchScreen_Generation = YES;
				INFOPLIST_KEY_UISupportedInterfaceOrientations_iPad = "UIInterfaceOrientationPortrait UIInterfaceOrientationPortraitUpsideDown UIInterfaceOrientationLandscapeLeft UIInterfaceOrientationLandscapeRight";
				INFOPLIST_KEY_UISupportedInterfaceOrientations_iPhone = "UIInterfaceOrientationPortrait UIInterfaceOrientationLandscapeLeft UIInterfaceOrientationLandscapeRight";
				IPHONEOS_DEPLOYMENT_TARGET = 17.2;
				LD_RUNPATH_SEARCH_PATHS = (
					"$(inherited)",
					"@executable_path/Frameworks",
				);
				MARKETING_VERSION = 1.0;
				PRODUCT_BUNDLE_IDENTIFIER = info.alanmacgregor.FringePlanner;
				PRODUCT_NAME = "$(TARGET_NAME)";
				SWIFT_EMIT_LOC_STRINGS = YES;
				SWIFT_VERSION = 6.0;
				TARGETED_DEVICE_FAMILY = "1,2";
			};
			name = Release;
		};
		080372602C98B7A3002DC9A2 /* Debug */ = {
			isa = XCBuildConfiguration;
			baseConfigurationReference = 08C92D6D2CCEB7F5001732E9 /* Keys.xcconfig */;
			buildSettings = {
				BUNDLE_LOADER = "$(TEST_HOST)";
				CODE_SIGN_STYLE = Automatic;
				CURRENT_PROJECT_VERSION = 1;
				DEVELOPMENT_TEAM = Z5GWZ3778M;
				GENERATE_INFOPLIST_FILE = YES;
				IPHONEOS_DEPLOYMENT_TARGET = 17.2;
				MARKETING_VERSION = 1.0;
				PRODUCT_BUNDLE_IDENTIFIER = info.alanmacgregor.FringePlannerTests;
				PRODUCT_NAME = "$(TARGET_NAME)";
				SWIFT_EMIT_LOC_STRINGS = NO;
				SWIFT_VERSION = 6.0;
				TARGETED_DEVICE_FAMILY = "1,2";
				TEST_HOST = "$(BUILT_PRODUCTS_DIR)/FringePlanner.app/$(BUNDLE_EXECUTABLE_FOLDER_PATH)/FringePlanner";
			};
			name = Debug;
		};
		080372612C98B7A3002DC9A2 /* Release */ = {
			isa = XCBuildConfiguration;
			baseConfigurationReference = 08C92D6D2CCEB7F5001732E9 /* Keys.xcconfig */;
			buildSettings = {
				BUNDLE_LOADER = "$(TEST_HOST)";
				CODE_SIGN_STYLE = Automatic;
				CURRENT_PROJECT_VERSION = 1;
				DEVELOPMENT_TEAM = Z5GWZ3778M;
				GENERATE_INFOPLIST_FILE = YES;
				IPHONEOS_DEPLOYMENT_TARGET = 17.2;
				MARKETING_VERSION = 1.0;
				PRODUCT_BUNDLE_IDENTIFIER = info.alanmacgregor.FringePlannerTests;
				PRODUCT_NAME = "$(TARGET_NAME)";
				SWIFT_EMIT_LOC_STRINGS = NO;
				SWIFT_VERSION = 6.0;
				TARGETED_DEVICE_FAMILY = "1,2";
				TEST_HOST = "$(BUILT_PRODUCTS_DIR)/FringePlanner.app/$(BUNDLE_EXECUTABLE_FOLDER_PATH)/FringePlanner";
			};
			name = Release;
		};
		080372632C98B7A3002DC9A2 /* Debug */ = {
			isa = XCBuildConfiguration;
			buildSettings = {
				CODE_SIGN_STYLE = Automatic;
				CURRENT_PROJECT_VERSION = 1;
				DEVELOPMENT_TEAM = Z5GWZ3778M;
				GENERATE_INFOPLIST_FILE = YES;
				MARKETING_VERSION = 1.0;
				PRODUCT_BUNDLE_IDENTIFIER = info.alanmacgregor.FringePlannerUITests;
				PRODUCT_NAME = "$(TARGET_NAME)";
				SWIFT_EMIT_LOC_STRINGS = NO;
				SWIFT_VERSION = 6.0;
				TARGETED_DEVICE_FAMILY = "1,2";
				TEST_TARGET_NAME = FringePlanner;
			};
			name = Debug;
		};
		080372642C98B7A3002DC9A2 /* Release */ = {
			isa = XCBuildConfiguration;
			buildSettings = {
				CODE_SIGN_STYLE = Automatic;
				CURRENT_PROJECT_VERSION = 1;
				DEVELOPMENT_TEAM = Z5GWZ3778M;
				GENERATE_INFOPLIST_FILE = YES;
				MARKETING_VERSION = 1.0;
				PRODUCT_BUNDLE_IDENTIFIER = info.alanmacgregor.FringePlannerUITests;
				PRODUCT_NAME = "$(TARGET_NAME)";
				SWIFT_EMIT_LOC_STRINGS = NO;
				SWIFT_VERSION = 6.0;
				TARGETED_DEVICE_FAMILY = "1,2";
				TEST_TARGET_NAME = FringePlanner;
			};
			name = Release;
		};
/* End XCBuildConfiguration section */

/* Begin XCConfigurationList section */
		080372332C98B7A2002DC9A2 /* Build configuration list for PBXProject "FringePlanner" */ = {
			isa = XCConfigurationList;
			buildConfigurations = (
				0803725A2C98B7A3002DC9A2 /* Debug */,
				0803725B2C98B7A3002DC9A2 /* Release */,
			);
			defaultConfigurationIsVisible = 0;
			defaultConfigurationName = Release;
		};
		0803725C2C98B7A3002DC9A2 /* Build configuration list for PBXNativeTarget "FringePlanner" */ = {
			isa = XCConfigurationList;
			buildConfigurations = (
				0803725D2C98B7A3002DC9A2 /* Debug */,
				0803725E2C98B7A3002DC9A2 /* Release */,
			);
			defaultConfigurationIsVisible = 0;
			defaultConfigurationName = Release;
		};
		0803725F2C98B7A3002DC9A2 /* Build configuration list for PBXNativeTarget "FringePlannerTests" */ = {
			isa = XCConfigurationList;
			buildConfigurations = (
				080372602C98B7A3002DC9A2 /* Debug */,
				080372612C98B7A3002DC9A2 /* Release */,
			);
			defaultConfigurationIsVisible = 0;
			defaultConfigurationName = Release;
		};
		080372622C98B7A3002DC9A2 /* Build configuration list for PBXNativeTarget "FringePlannerUITests" */ = {
			isa = XCConfigurationList;
			buildConfigurations = (
				080372632C98B7A3002DC9A2 /* Debug */,
				080372642C98B7A3002DC9A2 /* Release */,
			);
			defaultConfigurationIsVisible = 0;
			defaultConfigurationName = Release;
		};
/* End XCConfigurationList section */
	};
	rootObject = 080372302C98B7A2002DC9A2 /* Project object */;
}
